
Microsoft Visual Studio Solution File, Format Version 12.00
# Visual Studio 15
VisualStudioVersion = 15.0.27004.2005
MinimumVisualStudioVersion = 10.0.40219.1
Project("{FAE04EC0-301F-11D3-BF4B-00C04F79EFBC}") = "ConsoleTestApp", "ConsoleTestApp\ConsoleTestApp.csproj", "{C922B12F-5E68-408A-919D-AF19D3609E24}"
EndProject
Global
	GlobalSection(SolutionConfigurationPlatforms) = preSolution
		Debug|Any CPU = Debug|Any CPU
		Release|Any CPU = Release|Any CPU
	EndGlobalSection
	GlobalSection(ProjectConfigurationPlatforms) = postSolution
		{C922B12F-5E68-408A-919D-AF19D3609E24}.Debug|Any CPU.ActiveCfg = Debug|Any CPU
		{C922B12F-5E68-408A-919D-AF19D3609E24}.Debug|Any CPU.Build.0 = Debug|Any CPU
		{C922B12F-5E68-408A-919D-AF19D3609E24}.Release|Any CPU.ActiveCfg = Release|Any CPU
		{C922B12F-5E68-408A-919D-AF19D3609E24}.Release|Any CPU.Build.0 = Release|Any CPU
	EndGlobalSection
	GlobalSection(SolutionProperties) = preSolution
		HideSolutionNode = FALSE
	EndGlobalSection
	GlobalSection(ExtensibilityGlobals) = postSolution
		SolutionGuid = {E2A0D9D7-4925-409E-9FA4-31DF0DC254D3}
	EndGlobalSection
EndGlobal
